
Microsoft Visual Studio Solution File, Format Version 12.00
# Visual Studio 2012
Project("{FAE04EC0-301F-11D3-BF4B-00C04F79EFBC}") = "MusicStoreClient", "MusicStoreClient\MusicStoreClient.csproj", "{8FBD5F9D-FC46-470F-9190-26450BC0ADCB}"
EndProject
Global
	GlobalSection(SolutionConfigurationPlatforms) = preSolution
		Debug|Any CPU = Debug|Any CPU
		Release|Any CPU = Release|Any CPU
	EndGlobalSection
	GlobalSection(ProjectConfigurationPlatforms) = postSolution
		{8FBD5F9D-FC46-470F-9190-26450BC0ADCB}.Debug|Any CPU.ActiveCfg = Debug|Any CPU
		{8FBD5F9D-FC46-470F-9190-26450BC0ADCB}.Debug|Any CPU.Build.0 = Debug|Any CPU
		{8FBD5F9D-FC46-470F-9190-26450BC0ADCB}.Release|Any CPU.ActiveCfg = Release|Any CPU
		{8FBD5F9D-FC46-470F-9190-26450BC0ADCB}.Release|Any CPU.Build.0 = Release|Any CPU
	EndGlobalSection
	GlobalSection(SolutionProperties) = preSolution
		HideSolutionNode = FALSE
	EndGlobalSection
EndGlobal
